// !$*UTF8*$!
{
	archiveVersion = 1;
	classes = {
	};
	objectVersion = 46;
	objects = {

/* Begin PBXBuildFile section */
		042668F41EA9EBE200FB47FC /* main.m in Sources */ = {isa = PBXBuildFile; fileRef = 042668F31EA9EBE200FB47FC /* main.m */; };
		042668F71EA9EBE200FB47FC /* AppDelegate.m in Sources */ = {isa = PBXBuildFile; fileRef = 042668F61EA9EBE200FB47FC /* AppDelegate.m */; };
		042668FA1EA9EBE200FB47FC /* ViewController.m in Sources */ = {isa = PBXBuildFile; fileRef = 042668F91EA9EBE200FB47FC /* ViewController.m */; };
		042668FD1EA9EBE200FB47FC /* Main.storyboard in Resources */ = {isa = PBXBuildFile; fileRef = 042668FB1EA9EBE200FB47FC /* Main.storyboard */; };
		042668FF1EA9EBE300FB47FC /* Assets.xcassets in Resources */ = {isa = PBXBuildFile; fileRef = 042668FE1EA9EBE300FB47FC /* Assets.xcassets */; };
		042669021EA9EBE300FB47FC /* LaunchScreen.storyboard in Resources */ = {isa = PBXBuildFile; fileRef = 042669001EA9EBE300FB47FC /* LaunchScreen.storyboard */; };
		F7A694576D8A229830AECAAB /* libPods-Image.a in Frameworks */ = {isa = PBXBuildFile; fileRef = FAE2EE7F49E1E173447B2388 /* libPods-Image.a */; };
/* End PBXBuildFile section */

/* Begin PBXFileReference section */
		042668EF1EA9EBE200FB47FC /* Image.app */ = {isa = PBXFileReference; explicitFileType = wrapper.application; includeInIndex = 0; path = Image.app; sourceTree = BUILT_PRODUCTS_DIR; };
		042668F31EA9EBE200FB47FC /* main.m */ = {isa = PBXFileReference; lastKnownFileType = sourcecode.c.objc; path = main.m; sourceTree = "<group>"; };
		042668F51EA9EBE200FB47FC /* AppDelegate.h */ = {isa = PBXFileReference; lastKnownFileType = sourcecode.c.h; path = AppDelegate.h; sourceTree = "<group>"; };
		042668F61EA9EBE200FB47FC /* AppDelegate.m */ = {isa = PBXFileReference; lastKnownFileType = sourcecode.c.objc; path = AppDelegate.m; sourceTree = "<group>"; };
		042668F81EA9EBE200FB47FC /* ViewController.h */ = {isa = PBXFileReference; lastKnownFileType = sourcecode.c.h; path = ViewController.h; sourceTree = "<group>"; };
		042668F91EA9EBE200FB47FC /* ViewController.m */ = {isa = PBXFileReference; lastKnownFileType = sourcecode.c.objc; path = ViewController.m; sourceTree = "<group>"; };
		042668FC1EA9EBE200FB47FC /* Base */ = {isa = PBXFileReference; lastKnownFileType = file.storyboard; name = Base; path = Base.lproj/Main.storyboard; sourceTree = "<group>"; };
		042668FE1EA9EBE300FB47FC /* Assets.xcassets */ = {isa = PBXFileReference; lastKnownFileType = folder.assetcatalog; path = Assets.xcassets; sourceTree = "<group>"; };
		042669011EA9EBE300FB47FC /* Base */ = {isa = PBXFileReference; lastKnownFileType = file.storyboard; name = Base; path = Base.lproj/LaunchScreen.storyboard; sourceTree = "<group>"; };
		042669031EA9EBE300FB47FC /* Info.plist */ = {isa = PBXFileReference; lastKnownFileType = text.plist.xml; path = Info.plist; sourceTree = "<group>"; };
		57874E4621C771D695461F3F /* Pods-Image.release.xcconfig */ = {isa = PBXFileReference; includeInIndex = 1; lastKnownFileType = text.xcconfig; name = "Pods-Image.release.xcconfig"; path = "Pods/Target Support Files/Pods-Image/Pods-Image.release.xcconfig"; sourceTree = "<group>"; };
		D096A5119CA5266C42BEF045 /* Pods-Image.debug.xcconfig */ = {isa = PBXFileReference; includeInIndex = 1; lastKnownFileType = text.xcconfig; name = "Pods-Image.debug.xcconfig"; path = "Pods/Target Support Files/Pods-Image/Pods-Image.debug.xcconfig"; sourceTree = "<group>"; };
		FAE2EE7F49E1E173447B2388 /* libPods-Image.a */ = {isa = PBXFileReference; explicitFileType = archive.ar; includeInIndex = 0; path = "libPods-Image.a"; sourceTree = BUILT_PRODUCTS_DIR; };
/* End PBXFileReference section */

/* Begin PBXFrameworksBuildPhase section */
		042668EC1EA9EBE200FB47FC /* Frameworks */ = {
			isa = PBXFrameworksBuildPhase;
			buildActionMask = 2147483647;
			files = (
				F7A694576D8A229830AECAAB /* libPods-Image.a in Frameworks */,
			);
			runOnlyForDeploymentPostprocessing = 0;
		};
/* End PBXFrameworksBuildPhase section */

/* Begin PBXGroup section */
		042668E61EA9EBE200FB47FC = {
			isa = PBXGroup;
			children = (
				042668F11EA9EBE200FB47FC /* Image */,
				042668F01EA9EBE200FB47FC /* Products */,
				E3233D62580457DF17ADF309 /* Pods */,
				6D4BC7709C8D38C238CABF04 /* Frameworks */,
			);
			sourceTree = "<group>";
		};
		042668F01EA9EBE200FB47FC /* Products */ = {
			isa = PBXGroup;
			children = (
				042668EF1EA9EBE200FB47FC /* Image.app */,
			);
			name = Products;
			sourceTree = "<group>";
		};
		042668F11EA9EBE200FB47FC /* Image */ = {
			isa = PBXGroup;
			children = (
				042668F51EA9EBE200FB47FC /* AppDelegate.h */,
				042668F61EA9EBE200FB47FC /* AppDelegate.m */,
				042668F81EA9EBE200FB47FC /* ViewController.h */,
				042668F91EA9EBE200FB47FC /* ViewController.m */,
				042668FB1EA9EBE200FB47FC /* Main.storyboard */,
				042668FE1EA9EBE300FB47FC /* Assets.xcassets */,
				042669001EA9EBE300FB47FC /* LaunchScreen.storyboard */,
				042669031EA9EBE300FB47FC /* Info.plist */,
				042668F21EA9EBE200FB47FC /* Supporting Files */,
			);
			path = Image;
			sourceTree = "<group>";
		};
		042668F21EA9EBE200FB47FC /* Supporting Files */ = {
			isa = PBXGroup;
			children = (
				042668F31EA9EBE200FB47FC /* main.m */,
			);
			name = "Supporting Files";
			sourceTree = "<group>";
		};
		6D4BC7709C8D38C238CABF04 /* Frameworks */ = {
			isa = PBXGroup;
			children = (
				FAE2EE7F49E1E173447B2388 /* libPods-Image.a */,
			);
			name = Frameworks;
			sourceTree = "<group>";
		};
		E3233D62580457DF17ADF309 /* Pods */ = {
			isa = PBXGroup;
			children = (
				D096A5119CA5266C42BEF045 /* Pods-Image.debug.xcconfig */,
				57874E4621C771D695461F3F /* Pods-Image.release.xcconfig */,
			);
			name = Pods;
			sourceTree = "<group>";
		};
/* End PBXGroup section */

/* Begin PBXNativeTarget section */
		042668EE1EA9EBE200FB47FC /* Image */ = {
			isa = PBXNativeTarget;
			buildConfigurationList = 042669061EA9EBE300FB47FC /* Build configuration list for PBXNativeTarget "Image" */;
			buildPhases = (
				DB27BE90B5776053C2BC1E81 /* [CP] Check Pods Manifest.lock */,
				042668EB1EA9EBE200FB47FC /* Sources */,
				042668EC1EA9EBE200FB47FC /* Frameworks */,
				042668ED1EA9EBE200FB47FC /* Resources */,
				6B9AD6A573A3D6A7D42A6E50 /* [CP] Embed Pods Frameworks */,
				647697282CA7AEE84727B416 /* [CP] Copy Pods Resources */,
			);
			buildRules = (
			);
			dependencies = (
			);
			name = Image;
			productName = Image;
			productReference = 042668EF1EA9EBE200FB47FC /* Image.app */;
			productType = "com.apple.product-type.application";
		};
/* End PBXNativeTarget section */

/* Begin PBXProject section */
		042668E71EA9EBE200FB47FC /* Project object */ = {
			isa = PBXProject;
			attributes = {
				LastUpgradeCheck = 0810;
				ORGANIZATIONNAME = exam;
				TargetAttributes = {
					042668EE1EA9EBE200FB47FC = {
						CreatedOnToolsVersion = 8.1;
						ProvisioningStyle = Manual;
					};
				};
			};
			buildConfigurationList = 042668EA1EA9EBE200FB47FC /* Build configuration list for PBXProject "Image" */;
			compatibilityVersion = "Xcode 3.2";
			developmentRegion = English;
			hasScannedForEncodings = 0;
			knownRegions = (
				en,
				Base,
			);
			mainGroup = 042668E61EA9EBE200FB47FC;
			productRefGroup = 042668F01EA9EBE200FB47FC /* Products */;
			projectDirPath = "";
			projectRoot = "";
			targets = (
				042668EE1EA9EBE200FB47FC /* Image */,
			);
		};
/* End PBXProject section */

/* Begin PBXResourcesBuildPhase section */
		042668ED1EA9EBE200FB47FC /* Resources */ = {
			isa = PBXResourcesBuildPhase;
			buildActionMask = 2147483647;
			files = (
				042669021EA9EBE300FB47FC /* LaunchScreen.storyboard in Resources */,
				042668FF1EA9EBE300FB47FC /* Assets.xcassets in Resources */,
				042668FD1EA9EBE200FB47FC /* Main.storyboard in Resources */,
			);
			runOnlyForDeploymentPostprocessing = 0;
		};
/* End PBXResourcesBuildPhase section */

/* Begin PBXShellScriptBuildPhase section */
		647697282CA7AEE84727B416 /* [CP] Copy Pods Resources */ = {
			isa = PBXShellScriptBuildPhase;
			buildActionMask = 2147483647;
			files = (
			);
			inputPaths = (
			);
			name = "[CP] Copy Pods Resources";
			outputPaths = (
			);
			runOnlyForDeploymentPostprocessing = 0;
			shellPath = /bin/sh;
			shellScript = "\"${SRCROOT}/Pods/Target Support Files/Pods-Image/Pods-Image-resources.sh\"\n";
			showEnvVarsInLog = 0;
		};
		6B9AD6A573A3D6A7D42A6E50 /* [CP] Embed Pods Frameworks */ = {
			isa = PBXShellScriptBuildPhase;
			buildActionMask = 2147483647;
			files = (
			);
			inputPaths = (
			);
			name = "[CP] Embed Pods Frameworks";
			outputPaths = (
			);
			runOnlyForDeploymentPostprocessing = 0;
			shellPath = /bin/sh;
			shellScript = "\"${SRCROOT}/Pods/Target Support Files/Pods-Image/Pods-Image-frameworks.sh\"\n";
			showEnvVarsInLog = 0;
		};
		DB27BE90B5776053C2BC1E81 /* [CP] Check Pods Manifest.lock */ = {
			isa = PBXShellScriptBuildPhase;
			buildActionMask = 2147483647;
			files = (
			);
			inputPaths = (
			);
			name = "[CP] Check Pods Manifest.lock";
			outputPaths = (
			);
			runOnlyForDeploymentPostprocessing = 0;
			shellPath = /bin/sh;
			shellScript = "diff \"${PODS_ROOT}/../Podfile.lock\" \"${PODS_ROOT}/Manifest.lock\" > /dev/null\nif [ $? != 0 ] ; then\n    # print error to STDERR\n    echo \"error: The sandbox is not in sync with the Podfile.lock. Run 'pod install' or update your CocoaPods installation.\" >&2\n    exit 1\nfi\n";
			showEnvVarsInLog = 0;
		};
/* End PBXShellScriptBuildPhase section */

/* Begin PBXSourcesBuildPhase section */
		042668EB1EA9EBE200FB47FC /* Sources */ = {
			isa = PBXSourcesBuildPhase;
			buildActionMask = 2147483647;
			files = (
				042668FA1EA9EBE200FB47FC /* ViewController.m in Sources */,
				042668F71EA9EBE200FB47FC /* AppDelegate.m in Sources */,
				042668F41EA9EBE200FB47FC /* main.m in Sources */,
			);
			runOnlyForDeploymentPostprocessing = 0;
		};
/* End PBXSourcesBuildPhase section */

/* Begin PBXVariantGroup section */
		042668FB1EA9EBE200FB47FC /* Main.storyboard */ = {
			isa = PBXVariantGroup;
			children = (
				042668FC1EA9EBE200FB47FC /* Base */,
			);
			name = Main.storyboard;
			sourceTree = "<group>";
		};
		042669001EA9EBE300FB47FC /* LaunchScreen.storyboard */ = {
			isa = PBXVariantGroup;
			children = (
				042669011EA9EBE300FB47FC /* Base */,
			);
			name = LaunchScreen.storyboard;
			sourceTree = "<group>";
		};
/* End PBXVariantGroup section */

/* Begin XCBuildConfiguration section */
		042669041EA9EBE300FB47FC /* Debug */ = {
			isa = XCBuildConfiguration;
			buildSettings = {
				ALWAYS_SEARCH_USER_PATHS = NO;
				CLANG_ANALYZER_NONNULL = YES;
				CLANG_CXX_LANGUAGE_STANDARD = "gnu++0x";
				CLANG_CXX_LIBRARY = "libc++";
				CLANG_ENABLE_MODULES = YES;
				CLANG_ENABLE_OBJC_ARC = YES;
				CLANG_WARN_BOOL_CONVERSION = YES;
				CLANG_WARN_CONSTANT_CONVERSION = YES;
				CLANG_WARN_DIRECT_OBJC_ISA_USAGE = YES_ERROR;
				CLANG_WARN_DOCUMENTATION_COMMENTS = YES;
				CLANG_WARN_EMPTY_BODY = YES;
				CLANG_WARN_ENUM_CONVERSION = YES;
				CLANG_WARN_INFINITE_RECURSION = YES;
				CLANG_WARN_INT_CONVERSION = YES;
				CLANG_WARN_OBJC_ROOT_CLASS = YES_ERROR;
				CLANG_WARN_SUSPICIOUS_MOVES = YES;
				CLANG_WARN_UNREACHABLE_CODE = YES;
				CLANG_WARN__DUPLICATE_METHOD_MATCH = YES;
				"CODE_SIGN_IDENTITY[sdk=iphoneos*]" = "iPhone Developer";
				COPY_PHASE_STRIP = NO;
				DEBUG_INFORMATION_FORMAT = dwarf;
				ENABLE_STRICT_OBJC_MSGSEND = YES;
				ENABLE_TESTABILITY = YES;
				GCC_C_LANGUAGE_STANDARD = gnu99;
				GCC_DYNAMIC_NO_PIC = NO;
				GCC_NO_COMMON_BLOCKS = YES;
				GCC_OPTIMIZATION_LEVEL = 0;
				GCC_PREPROCESSOR_DEFINITIONS = (
					"DEBUG=1",
					"$(inherited)",
				);
				GCC_WARN_64_TO_32_BIT_CONVERSION = YES;
				GCC_WARN_ABOUT_RETURN_TYPE = YES_ERROR;
				GCC_WARN_UNDECLARED_SELECTOR = YES;
				GCC_WARN_UNINITIALIZED_AUTOS = YES_AGGRESSIVE;
				GCC_WARN_UNUSED_FUNCTION = YES;
				GCC_WARN_UNUSED_VARIABLE = YES;
				IPHONEOS_DEPLOYMENT_TARGET = 10.1;
				MTL_ENABLE_DEBUG_INFO = YES;
				ONLY_ACTIVE_ARCH = YES;
				SDKROOT = iphoneos;
			};
			name = Debug;
		};
		042669051EA9EBE300FB47FC /* Release */ = {
			isa = XCBuildConfiguration;
			buildSettings = {
				ALWAYS_SEARCH_USER_PATHS = NO;
				CLANG_ANALYZER_NONNULL = YES;
				CLANG_CXX_LANGUAGE_STANDARD = "gnu++0x";
				CLANG_CXX_LIBRARY = "libc++";
				CLANG_ENABLE_MODULES = YES;
				CLANG_ENABLE_OBJC_ARC = YES;
				CLANG_WARN_BOOL_CONVERSION = YES;
				CLANG_WARN_CONSTANT_CONVERSION = YES;
				CLANG_WARN_DIRECT_OBJC_ISA_USAGE = YES_ERROR;
				CLANG_WARN_DOCUMENTATION_COMMENTS = YES;
				CLANG_WARN_EMPTY_BODY = YES;
				CLANG_WARN_ENUM_CONVERSION = YES;
				CLANG_WARN_INFINITE_RECURSION = YES;
				CLANG_WARN_INT_CONVERSION = YES;
				CLANG_WARN_OBJC_ROOT_CLASS = YES_ERROR;
				CLANG_WARN_SUSPICIOUS_MOVES = YES;
				CLANG_WARN_UNREACHABLE_CODE = YES;
				CLANG_WARN__DUPLICATE_METHOD_MATCH = YES;
				"CODE_SIGN_IDENTITY[sdk=iphoneos*]" = "iPhone Developer";
				COPY_PHASE_STRIP = NO;
				DEBUG_INFORMATION_FORMAT = "dwarf-with-dsym";
				ENABLE_NS_ASSERTIONS = NO;
				ENABLE_STRICT_OBJC_MSGSEND = YES;
				GCC_C_LANGUAGE_STANDARD = gnu99;
				GCC_NO_COMMON_BLOCKS = YES;
				GCC_WARN_64_TO_32_BIT_CONVERSION = YES;
				GCC_WARN_ABOUT_RETURN_TYPE = YES_ERROR;
				GCC_WARN_UNDECLARED_SELECTOR = YES;
				GCC_WARN_UNINITIALIZED_AUTOS = YES_AGGRESSIVE;
				GCC_WARN_UNUSED_FUNCTION = YES;
				GCC_WARN_UNUSED_VARIABLE = YES;
				IPHONEOS_DEPLOYMENT_TARGET = 10.1;
				MTL_ENABLE_DEBUG_INFO = NO;
				SDKROOT = iphoneos;
				VALIDATE_PRODUCT = YES;
			};
			name = Release;
		};
		042669071EA9EBE300FB47FC /* Debug */ = {
			isa = XCBuildConfiguration;
			baseConfigurationReference = D096A5119CA5266C42BEF045 /* Pods-Image.debug.xcconfig */;
			buildSettings = {
				ASSETCATALOG_COMPILER_APPICON_NAME = AppIcon;
				DEVELOPMENT_TEAM = "";
				INFOPLIST_FILE = Image/Info.plist;
				LD_RUNPATH_SEARCH_PATHS = "$(inherited) @executable_path/Frameworks";
				PRODUCT_BUNDLE_IDENTIFIER = com.exam.Image;
				PRODUCT_NAME = "$(TARGET_NAME)";
			};
			name = Debug;
		};
		042669081EA9EBE300FB47FC /* Release */ = {
			isa = XCBuildConfiguration;
			baseConfigurationReference = 57874E4621C771D695461F3F /* Pods-Image.release.xcconfig */;
			buildSettings = {
				ASSETCATALOG_COMPILER_APPICON_NAME = AppIcon;
				DEVELOPMENT_TEAM = "";
				INFOPLIST_FILE = Image/Info.plist;
				LD_RUNPATH_SEARCH_PATHS = "$(inherited) @executable_path/Frameworks";
				PRODUCT_BUNDLE_IDENTIFIER = com.exam.Image;
				PRODUCT_NAME = "$(TARGET_NAME)";
			};
			name = Release;
		};
/* End XCBuildConfiguration section */

/* Begin XCConfigurationList section */
		042668EA1EA9EBE200FB47FC /* Build configuration list for PBXProject "Image" */ = {
			isa = XCConfigurationList;
			buildConfigurations = (
				042669041EA9EBE300FB47FC /* Debug */,
				042669051EA9EBE300FB47FC /* Release */,
			);
			defaultConfigurationIsVisible = 0;
			defaultConfigurationName = Release;
		};
		042669061EA9EBE300FB47FC /* Build configuration list for PBXNativeTarget "Image" */ = {
			isa = XCConfigurationList;
			buildConfigurations = (
				042669071EA9EBE300FB47FC /* Debug */,
				042669081EA9EBE300FB47FC /* Release */,
			);
			defaultConfigurationIsVisible = 0;
			defaultConfigurationName = Release;
		};
/* End XCConfigurationList section */
	};
	rootObject = 042668E71EA9EBE200FB47FC /* Project object */;
}
